# THIS IS AN AUTOGENERATED FILE. DO NOT EDIT THIS FILE DIRECTLY.
# yarn lockfile v1


herculex-appx-plugin-api@^0.1.1:
  version "0.1.1"
  resolved "http://registry.npm.alibaba-inc.com/herculex-appx-plugin-api/download/herculex-appx-plugin-api-0.1.1.tgz#1fac8ef61d29e06e1a80991d695ac5730c825c68"
  dependencies:
    normalizr "^3.3.0"

herculex@^0.2.0:
  version "0.2.0"
  resolved "http://registry.npm.alibaba-inc.com/herculex/download/herculex-0.2.0.tgz#1fb3d84fea6fedeb5014043ff170816031efefce"
  dependencies:
    immer "^1.7.2"
    immutability-helper "^2.8.1"

immer@^1.7.2:
  version "1.7.2"
  resolved "http://registry.npm.alibaba-inc.com/immer/download/immer-1.7.2.tgz#a51e9723c50b27e132f6566facbec1c85fc69547"

immutability-helper@^2.8.1:
  version "2.8.1"
  resolved "http://registry.npm.alibaba-inc.com/immutability-helper/download/immutability-helper-2.8.1.tgz#3c5ec05fcd83676bfae7146f319595243ad904f4"
  dependencies:
    invariant "^2.2.0"

invariant@^2.2.0:
  version "2.2.4"
  resolved "http://registry.npm.alibaba-inc.com/invariant/download/invariant-2.2.4.tgz#610f3c92c9359ce1db616e538008d23ff35158e6"
  dependencies:
    loose-envify "^1.0.0"

"js-tokens@^3.0.0 || ^4.0.0":
  version "4.0.0"
  resolved "http://registry.npm.alibaba-inc.com/js-tokens/download/js-tokens-4.0.0.tgz#19203fb59991df98e3a287050d4647cdeaf32499"

loose-envify@^1.0.0:
  version "1.4.0"
  resolved "http://registry.npm.alibaba-inc.com/loose-envify/download/loose-envify-1.4.0.tgz#71ee51fa7be4caec1a63839f7e682d8132d30caf"
  dependencies:
    js-tokens "^3.0.0 || ^4.0.0"

mini-antui@0.3.10-alpha.3:
  version "0.3.10-alpha.3"
  resolved "http://registry.npm.alibaba-inc.com/mini-antui/download/mini-antui-0.3.10-alpha.3.tgz#e86caf874b54ceb524da6119916d2500b9897fcb"

moment@^2.22.2:
  version "2.22.2"
  resolved "http://registry.npm.alibaba-inc.com/moment/download/moment-2.22.2.tgz#3c257f9839fc0e93ff53149632239eb90783ff66"

normalizr@^3.3.0:
  version "3.3.0"
  resolved "https://registry.yarnpkg.com/normalizr/-/normalizr-3.3.0.tgz#6f44b95e8bf2201845a9e551920c4e5861166d27"
